// !$*UTF8*$!
{
	archiveVersion = 1;
	classes = {
	};
	objectVersion = 50;
	objects = {

/* Begin PBXBuildFile section */
		136EFD9F2343E2F4001ACB4F /* DetailViewController.swift in Sources */ = {isa = PBXBuildFile; fileRef = 136EFD9E2343E2F4001ACB4F /* DetailViewController.swift */; };
		13F1C184233D5B6A002A67A9 /* CaptionPhoto.swift in Sources */ = {isa = PBXBuildFile; fileRef = 13F1C183233D5B6A002A67A9 /* CaptionPhoto.swift */; };
		13FA99E9233C023A00E1199C /* AppDelegate.swift in Sources */ = {isa = PBXBuildFile; fileRef = 13FA99E8233C023A00E1199C /* AppDelegate.swift */; };
		13FA99EB233C023A00E1199C /* SceneDelegate.swift in Sources */ = {isa = PBXBuildFile; fileRef = 13FA99EA233C023A00E1199C /* SceneDelegate.swift */; };
		13FA99ED233C023A00E1199C /* ViewController.swift in Sources */ = {isa = PBXBuildFile; fileRef = 13FA99EC233C023A00E1199C /* ViewController.swift */; };
		13FA99F0233C023A00E1199C /* Main.storyboard in Resources */ = {isa = PBXBuildFile; fileRef = 13FA99EE233C023A00E1199C /* Main.storyboard */; };
		13FA99F2233C023C00E1199C /* Assets.xcassets in Resources */ = {isa = PBXBuildFile; fileRef = 13FA99F1233C023C00E1199C /* Assets.xcassets */; };
		13FA99F5233C023C00E1199C /* LaunchScreen.storyboard in Resources */ = {isa = PBXBuildFile; fileRef = 13FA99F3233C023C00E1199C /* LaunchScreen.storyboard */; };
/* End PBXBuildFile section */

/* Begin PBXFileReference section */
		136EFD9E2343E2F4001ACB4F /* DetailViewController.swift */ = {isa = PBXFileReference; lastKnownFileType = sourcecode.swift; path = DetailViewController.swift; sourceTree = "<group>"; };
		13F1C183233D5B6A002A67A9 /* CaptionPhoto.swift */ = {isa = PBXFileReference; lastKnownFileType = sourcecode.swift; path = CaptionPhoto.swift; sourceTree = "<group>"; };
		13FA99E5233C023A00E1199C /* Consolidation5-Challenge.app */ = {isa = PBXFileReference; explicitFileType = wrapper.application; includeInIndex = 0; path = "Consolidation5-Challenge.app"; sourceTree = BUILT_PRODUCTS_DIR; };
		13FA99E8233C023A00E1199C /* AppDelegate.swift */ = {isa = PBXFileReference; lastKnownFileType = sourcecode.swift; path = AppDelegate.swift; sourceTree = "<group>"; };
		13FA99EA233C023A00E1199C /* SceneDelegate.swift */ = {isa = PBXFileReference; lastKnownFileType = sourcecode.swift; path = SceneDelegate.swift; sourceTree = "<group>"; };
		13FA99EC233C023A00E1199C /* ViewController.swift */ = {isa = PBXFileReference; lastKnownFileType = sourcecode.swift; path = ViewController.swift; sourceTree = "<group>"; };
		13FA99EF233C023A00E1199C /* Base */ = {isa = PBXFileReference; lastKnownFileType = file.storyboard; name = Base; path = Base.lproj/Main.storyboard; sourceTree = "<group>"; };
		13FA99F1233C023C00E1199C /* Assets.xcassets */ = {isa = PBXFileReference; lastKnownFileType = folder.assetcatalog; path = Assets.xcassets; sourceTree = "<group>"; };
		13FA99F4233C023C00E1199C /* Base */ = {isa = PBXFileReference; lastKnownFileType = file.storyboard; name = Base; path = Base.lproj/LaunchScreen.storyboard; sourceTree = "<group>"; };
		13FA99F6233C023C00E1199C /* Info.plist */ = {isa = PBXFileReference; lastKnownFileType = text.plist.xml; path = Info.plist; sourceTree = "<group>"; };
/* End PBXFileReference section */

/* Begin PBXFrameworksBuildPhase section */
		13FA99E2233C023A00E1199C /* Frameworks */ = {
			isa = PBXFrameworksBuildPhase;
			buildActionMask = 2147483647;
			files = (
			);
			runOnlyForDeploymentPostprocessing = 0;
		};
/* End PBXFrameworksBuildPhase section */

/* Begin PBXGroup section */
		13FA99DC233C023A00E1199C = {
			isa = PBXGroup;
			children = (
				13FA99E7233C023A00E1199C /* Consolidation5-Challenge */,
				13FA99E6233C023A00E1199C /* Products */,
			);
			sourceTree = "<group>";
		};
		13FA99E6233C023A00E1199C /* Products */ = {
			isa = PBXGroup;
			children = (
				13FA99E5233C023A00E1199C /* Consolidation5-Challenge.app */,
			);
			name = Products;
			sourceTree = "<group>";
		};
		13FA99E7233C023A00E1199C /* Consolidation5-Challenge */ = {
			isa = PBXGroup;
			children = (
				13FA99E8233C023A00E1199C /* AppDelegate.swift */,
				13FA99EA233C023A00E1199C /* SceneDelegate.swift */,
				13FA99EC233C023A00E1199C /* ViewController.swift */,
				136EFD9E2343E2F4001ACB4F /* DetailViewController.swift */,
				13F1C183233D5B6A002A67A9 /* CaptionPhoto.swift */,
				13FA99EE233C023A00E1199C /* Main.storyboard */,
				13FA99F1233C023C00E1199C /* Assets.xcassets */,
				13FA99F3233C023C00E1199C /* LaunchScreen.storyboard */,
				13FA99F6233C023C00E1199C /* Info.plist */,
			);
			path = "Consolidation5-Challenge";
			sourceTree = "<group>";
		};
/* End PBXGroup section */

/* Begin PBXNativeTarget section */
		13FA99E4233C023A00E1199C /* Consolidation5-Challenge */ = {
			isa = PBXNativeTarget;
			buildConfigurationList = 13FA99F9233C023C00E1199C /* Build configuration list for PBXNativeTarget "Consolidation5-Challenge" */;
			buildPhases = (
				13FA99E1233C023A00E1199C /* Sources */,
				13FA99E2233C023A00E1199C /* Frameworks */,
				13FA99E3233C023A00E1199C /* Resources */,
			);
			buildRules = (
			);
			dependencies = (
			);
			name = "Consolidation5-Challenge";
			productName = "Consolidation5-Challenge";
			productReference = 13FA99E5233C023A00E1199C /* Consolidation5-Challenge.app */;
			productType = "com.apple.product-type.application";
		};
/* End PBXNativeTarget section */

/* Begin PBXProject section */
		13FA99DD233C023A00E1199C /* Project object */ = {
			isa = PBXProject;
			attributes = {
				LastSwiftUpdateCheck = 1100;
				LastUpgradeCheck = 1100;
				ORGANIZATIONNAME = ReadyRunCode;
				TargetAttributes = {
					13FA99E4233C023A00E1199C = {
						CreatedOnToolsVersion = 11.0;
					};
				};
			};
			buildConfigurationList = 13FA99E0233C023A00E1199C /* Build configuration list for PBXProject "Consolidation5-Challenge" */;
			compatibilityVersion = "Xcode 9.3";
			developmentRegion = en;
			hasScannedForEncodings = 0;
			knownRegions = (
				en,
				Base,
			);
			mainGroup = 13FA99DC233C023A00E1199C;
			productRefGroup = 13FA99E6233C023A00E1199C /* Products */;
			projectDirPath = "";
			projectRoot = "";
			targets = (
				13FA99E4233C023A00E1199C /* Consolidation5-Challenge */,
			);
		};
/* End PBXProject section */

/* Begin PBXResourcesBuildPhase section */
		13FA99E3233C023A00E1199C /* Resources */ = {
			isa = PBXResourcesBuildPhase;
			buildActionMask = 2147483647;
			files = (
				13FA99F5233C023C00E1199C /* LaunchScreen.storyboard in Resources */,
				13FA99F2233C023C00E1199C /* Assets.xcassets in Resources */,
				13FA99F0233C023A00E1199C /* Main.storyboard in Resources */,
			);
			runOnlyForDeploymentPostprocessing = 0;
		};
/* End PBXResourcesBuildPhase section */

/* Begin PBXSourcesBuildPhase section */
		13FA99E1233C023A00E1199C /* Sources */ = {
			isa = PBXSourcesBuildPhase;
			buildActionMask = 2147483647;
			files = (
				13FA99ED233C023A00E1199C /* ViewController.swift in Sources */,
				13F1C184233D5B6A002A67A9 /* CaptionPhoto.swift in Sources */,
				136EFD9F2343E2F4001ACB4F /* DetailViewController.swift in Sources */,
				13FA99E9233C023A00E1199C /* AppDelegate.swift in Sources */,
				13FA99EB233C023A00E1199C /* SceneDelegate.swift in Sources */,
			);
			runOnlyForDeploymentPostprocessing = 0;
		};
/* End PBXSourcesBuildPhase section */

/* Begin PBXVariantGroup section */
		13FA99EE233C023A00E1199C /* Main.storyboard */ = {
			isa = PBXVariantGroup;
			children = (
				13FA99EF233C023A00E1199C /* Base */,
			);
			name = Main.storyboard;
			sourceTree = "<group>";
		};
		13FA99F3233C023C00E1199C /* LaunchScreen.storyboard */ = {
			isa = PBXVariantGroup;
			children = (
				13FA99F4233C023C00E1199C /* Base */,
			);
			name = LaunchScreen.storyboard;
			sourceTree = "<group>";
		};
/* End PBXVariantGroup section */

/* Begin XCBuildConfiguration section */
		13FA99F7233C023C00E1199C /* Debug */ = {
			isa = XCBuildConfiguration;
			buildSettings = {
				ALWAYS_SEARCH_USER_PATHS = NO;
				CLANG_ANALYZER_NONNULL = YES;
				CLANG_ANALYZER_NUMBER_OBJECT_CONVERSION = YES_AGGRESSIVE;
				CLANG_CXX_LANGUAGE_STANDARD = "gnu++14";
				CLANG_CXX_LIBRARY = "libc++";
				CLANG_ENABLE_MODULES = YES;
				CLANG_ENABLE_OBJC_ARC = YES;
				CLANG_ENABLE_OBJC_WEAK = YES;
				CLANG_WARN_BLOCK_CAPTURE_AUTORELEASING = YES;
				CLANG_WARN_BOOL_CONVERSION = YES;
				CLANG_WARN_COMMA = YES;
				CLANG_WARN_CONSTANT_CONVERSION = YES;
				CLANG_WARN_DEPRECATED_OBJC_IMPLEMENTATIONS = YES;
				CLANG_WARN_DIRECT_OBJC_ISA_USAGE = YES_ERROR;
				CLANG_WARN_DOCUMENTATION_COMMENTS = YES;
				CLANG_WARN_EMPTY_BODY = YES;
				CLANG_WARN_ENUM_CONVERSION = YES;
				CLANG_WARN_INFINITE_RECURSION = YES;
				CLANG_WARN_INT_CONVERSION = YES;
				CLANG_WARN_NON_LITERAL_NULL_CONVERSION = YES;
				CLANG_WARN_OBJC_IMPLICIT_RETAIN_SELF = YES;
				CLANG_WARN_OBJC_LITERAL_CONVERSION = YES;
				CLANG_WARN_OBJC_ROOT_CLASS = YES_ERROR;
				CLANG_WARN_RANGE_LOOP_ANALYSIS = YES;
				CLANG_WARN_STRICT_PROTOTYPES = YES;
				CLANG_WARN_SUSPICIOUS_MOVE = YES;
				CLANG_WARN_UNGUARDED_AVAILABILITY = YES_AGGRESSIVE;
				CLANG_WARN_UNREACHABLE_CODE = YES;
				CLANG_WARN__DUPLICATE_METHOD_MATCH = YES;
				COPY_PHASE_STRIP = NO;
				DEBUG_INFORMATION_FORMAT = dwarf;
				ENABLE_STRICT_OBJC_MSGSEND = YES;
				ENABLE_TESTABILITY = YES;
				GCC_C_LANGUAGE_STANDARD = gnu11;
				GCC_DYNAMIC_NO_PIC = NO;
				GCC_NO_COMMON_BLOCKS = YES;
				GCC_OPTIMIZATION_LEVEL = 0;
				GCC_PREPROCESSOR_DEFINITIONS = (
					"DEBUG=1",
					"$(inherited)",
				);
				GCC_WARN_64_TO_32_BIT_CONVERSION = YES;
				GCC_WARN_ABOUT_RETURN_TYPE = YES_ERROR;
				GCC_WARN_UNDECLARED_SELECTOR = YES;
				GCC_WARN_UNINITIALIZED_AUTOS = YES_AGGRESSIVE;
				GCC_WARN_UNUSED_FUNCTION = YES;
				GCC_WARN_UNUSED_VARIABLE = YES;
				IPHONEOS_DEPLOYMENT_TARGET = 13.0;
				MTL_ENABLE_DEBUG_INFO = INCLUDE_SOURCE;
				MTL_FAST_MATH = YES;
				ONLY_ACTIVE_ARCH = YES;
				SDKROOT = iphoneos;
				SWIFT_ACTIVE_COMPILATION_CONDITIONS = DEBUG;
				SWIFT_OPTIMIZATION_LEVEL = "-Onone";
			};
			name = Debug;
		};
		13FA99F8233C023C00E1199C /* Release */ = {
			isa = XCBuildConfiguration;
			buildSettings = {
				ALWAYS_SEARCH_USER_PATHS = NO;
				CLANG_ANALYZER_NONNULL = YES;
				CLANG_ANALYZER_NUMBER_OBJECT_CONVERSION = YES_AGGRESSIVE;
				CLANG_CXX_LANGUAGE_STANDARD = "gnu++14";
				CLANG_CXX_LIBRARY = "libc++";
				CLANG_ENABLE_MODULES = YES;
				CLANG_ENABLE_OBJC_ARC = YES;
				CLANG_ENABLE_OBJC_WEAK = YES;
				CLANG_WARN_BLOCK_CAPTURE_AUTORELEASING = YES;
				CLANG_WARN_BOOL_CONVERSION = YES;
				CLANG_WARN_COMMA = YES;
				CLANG_WARN_CONSTANT_CONVERSION = YES;
				CLANG_WARN_DEPRECATED_OBJC_IMPLEMENTATIONS = YES;
				CLANG_WARN_DIRECT_OBJC_ISA_USAGE = YES_ERROR;
				CLANG_WARN_DOCUMENTATION_COMMENTS = YES;
				CLANG_WARN_EMPTY_BODY = YES;
				CLANG_WARN_ENUM_CONVERSION = YES;
				CLANG_WARN_INFINITE_RECURSION = YES;
				CLANG_WARN_INT_CONVERSION = YES;
				CLANG_WARN_NON_LITERAL_NULL_CONVERSION = YES;
				CLANG_WARN_OBJC_IMPLICIT_RETAIN_SELF = YES;
				CLANG_WARN_OBJC_LITERAL_CONVERSION = YES;
				CLANG_WARN_OBJC_ROOT_CLASS = YES_ERROR;
				CLANG_WARN_RANGE_LOOP_ANALYSIS = YES;
				CLANG_WARN_STRICT_PROTOTYPES = YES;
				CLANG_WARN_SUSPICIOUS_MOVE = YES;
				CLANG_WARN_UNGUARDED_AVAILABILITY = YES_AGGRESSIVE;
				CLANG_WARN_UNREACHABLE_CODE = YES;
				CLANG_WARN__DUPLICATE_METHOD_MATCH = YES;
				COPY_PHASE_STRIP = NO;
				DEBUG_INFORMATION_FORMAT = "dwarf-with-dsym";
				ENABLE_NS_ASSERTIONS = NO;
				ENABLE_STRICT_OBJC_MSGSEND = YES;
				GCC_C_LANGUAGE_STANDARD = gnu11;
				GCC_NO_COMMON_BLOCKS = YES;
				GCC_WARN_64_TO_32_BIT_CONVERSION = YES;
				GCC_WARN_ABOUT_RETURN_TYPE = YES_ERROR;
				GCC_WARN_UNDECLARED_SELECTOR = YES;
				GCC_WARN_UNINITIALIZED_AUTOS = YES_AGGRESSIVE;
				GCC_WARN_UNUSED_FUNCTION = YES;
				GCC_WARN_UNUSED_VARIABLE = YES;
				IPHONEOS_DEPLOYMENT_TARGET = 13.0;
				MTL_ENABLE_DEBUG_INFO = NO;
				MTL_FAST_MATH = YES;
				SDKROOT = iphoneos;
				SWIFT_COMPILATION_MODE = wholemodule;
				SWIFT_OPTIMIZATION_LEVEL = "-O";
				VALIDATE_PRODUCT = YES;
			};
			name = Release;
		};
		13FA99FA233C023C00E1199C /* Debug */ = {
			isa = XCBuildConfiguration;
			buildSettings = {
				ASSETCATALOG_COMPILER_APPICON_NAME = AppIcon;
				CODE_SIGN_STYLE = Automatic;
				DEVELOPMENT_TEAM = 73MR6YK3BM;
				INFOPLIST_FILE = "Consolidation5-Challenge/Info.plist";
				LD_RUNPATH_SEARCH_PATHS = (
					"$(inherited)",
					"@executable_path/Frameworks",
				);
				PRODUCT_BUNDLE_IDENTIFIER = "dev.forsberg.Consolidation5-Challenge";
				PRODUCT_NAME = "$(TARGET_NAME)";
				SWIFT_VERSION = 5.0;
				TARGETED_DEVICE_FAMILY = "1,2";
			};
			name = Debug;
		};
		13FA99FB233C023C00E1199C /* Release */ = {
			isa = XCBuildConfiguration;
			buildSettings = {
				ASSETCATALOG_COMPILER_APPICON_NAME = AppIcon;
				CODE_SIGN_STYLE = Automatic;
				DEVELOPMENT_TEAM = 73MR6YK3BM;
				INFOPLIST_FILE = "Consolidation5-Challenge/Info.plist";
				LD_RUNPATH_SEARCH_PATHS = (
					"$(inherited)",
					"@executable_path/Frameworks",
				);
				PRODUCT_BUNDLE_IDENTIFIER = "dev.forsberg.Consolidation5-Challenge";
				PRODUCT_NAME = "$(TARGET_NAME)";
				SWIFT_VERSION = 5.0;
				TARGETED_DEVICE_FAMILY = "1,2";
			};
			name = Release;
		};
/* End XCBuildConfiguration section */

/* Begin XCConfigurationList section */
		13FA99E0233C023A00E1199C /* Build configuration list for PBXProject "Consolidation5-Challenge" */ = {
			isa = XCConfigurationList;
			buildConfigurations = (
				13FA99F7233C023C00E1199C /* Debug */,
				13FA99F8233C023C00E1199C /* Release */,
			);
			defaultConfigurationIsVisible = 0;
			defaultConfigurationName = Release;
		};
		13FA99F9233C023C00E1199C /* Build configuration list for PBXNativeTarget "Consolidation5-Challenge" */ = {
			isa = XCConfigurationList;
			buildConfigurations = (
				13FA99FA233C023C00E1199C /* Debug */,
				13FA99FB233C023C00E1199C /* Release */,
			);
			defaultConfigurationIsVisible = 0;
			defaultConfigurationName = Release;
		};
/* End XCConfigurationList section */
	};
	rootObject = 13FA99DD233C023A00E1199C /* Project object */;
}
